<?xml version="1.0" encoding="utf-8"?>
<Project ToolsVersion="4.0" xmlns="http://schemas.microsoft.com/developer/msbuild/2003">
  <ItemGroup>
    <Filter Include="Source Files">
      <UniqueIdentifier>{4FC737F1-C7A5-4376-A066-2A32D752A2FF}</UniqueIdentifier>
      <Extensions>cpp;c;cc;cxx;c++;cppm;ixx;def;odl;idl;hpj;bat;asm;asmx</Extensions>
    </Filter>
    <Filter Include="Header Files">
      <UniqueIdentifier>{93995380-89BD-4b04-88EB-625FBE52EBFB}</UniqueIdentifier>
      <Extensions>h;hh;hpp;hxx;h++;hm;inl;inc;ipp;xsd</Extensions>
    </Filter>
    <Filter Include="Resource Files">
      <UniqueIdentifier>{67DA6AB6-F800-4c08-8B7A-83BB121AAD01}</UniqueIdentifier>
      <Extensions>rc;ico;cur;bmp;dlg;rc2;rct;bin;rgs;gif;jpg;jpeg;jpe;resx;tiff;tif;png;wav;mfcribbon-ms</Extensions>
    </Filter>
    <Filter Include="Header Files\Injectors">
      <UniqueIdentifier>{a0d132c4-d86b-42ab-9059-cc1a0cee1ba6}</UniqueIdentifier>
    </Filter>
    <Filter Include="Header Files\Injectors\ReflectiveInjection">
      <UniqueIdentifier>{076be163-bcbd-4bfd-8509-a22bc677a7bb}</UniqueIdentifier>
    </Filter>
    <Filter Include="Header Files\Tools">
      <UniqueIdentifier>{462dce91-753e-4ce0-8cc8-a04701a2e842}</UniqueIdentifier>
    </Filter>
    <Filter Include="Header Files\Program">
      <UniqueIdentifier>{0b203f83-4f63-4f96-86e8-8dd18fe91da1}</UniqueIdentifier>
    </Filter>
    <Filter Include="Header Files\Program\ListProcesses">
      <UniqueIdentifier>{bc3fcb09-bfa6-4a34-b950-154e579d175b}</UniqueIdentifier>
    </Filter>
    <Filter Include="Header Files\Program\DllDialog">
      <UniqueIdentifier>{6ae8928d-734a-422d-b1d4-bac2dfc9718e}</UniqueIdentifier>
    </Filter>
    <Filter Include="Header Files\Injectors\CreateRemoteLoadLibrary">
      <UniqueIdentifier>{3d4e2ce8-2827-44a3-92a5-359d55c16f17}</UniqueIdentifier>
    </Filter>
    <Filter Include="Header Files\Program\ShellcodeEditor">
      <UniqueIdentifier>{916fb48b-6dba-4d9b-a8d4-5f6866cb1995}</UniqueIdentifier>
    </Filter>
    <Filter Include="Header Files\Injectors\LaunchAndInject">
      <UniqueIdentifier>{fc9063bb-0d52-4350-a94e-fb640526817f}</UniqueIdentifier>
    </Filter>
  </ItemGroup>
  <ItemGroup>
    <ClInclude Include="framework.h">
      <Filter>Header Files</Filter>
    </ClInclude>
    <ClInclude Include="targetver.h">
      <Filter>Header Files</Filter>
    </ClInclude>
    <ClInclude Include="Resource.h">
      <Filter>Header Files</Filter>
    </ClInclude>
    <ClInclude Include="reinjector.h">
      <Filter>Header Files</Filter>
    </ClInclude>
    <ClInclude Include="Injectors\CreateRemoteLoadLibrary\CreateRemoteLoadLibrary.h">
      <Filter>Header Files\Injectors\CreateRemoteLoadLibrary</Filter>
    </ClInclude>
    <ClInclude Include="Injectors\ReflectiveInjection\reflective_injection.h">
      <Filter>Header Files\Injectors\ReflectiveInjection</Filter>
    </ClInclude>
    <ClInclude Include="Tools\Text.h">
      <Filter>Header Files\Tools</Filter>
    </ClInclude>
    <ClInclude Include="Program\ListProcesses\list_processes.h">
      <Filter>Header Files\Program\ListProcesses</Filter>
    </ClInclude>
    <ClInclude Include="Program\DllDialog\dll_dialog.h">
      <Filter>Header Files\Program\DllDialog</Filter>
    </ClInclude>
    <ClInclude Include="Program\ShellcodeEditor\shellcode_editor.h">
      <Filter>Header Files\Program\ShellcodeEditor</Filter>
    </ClInclude>
    <ClInclude Include="Injectors\LaunchAndInject\launch_and_inject.h">
      <Filter>Header Files\Injectors\LaunchAndInject</Filter>
    </ClInclude>
  </ItemGroup>
  <ItemGroup>
    <ClCompile Include="reinjector.c">
      <Filter>Source Files</Filter>
    </ClCompile>
  </ItemGroup>
  <ItemGroup>
    <ResourceCompile Include="reinjector.rc">
      <Filter>Resource Files</Filter>
    </ResourceCompile>
  </ItemGroup>
  <ItemGroup>
    <Image Include="small.ico">
      <Filter>Resource Files</Filter>
    </Image>
    <Image Include="Icon\Icon.ico">
      <Filter>Resource Files</Filter>
    </Image>
  </ItemGroup>
</Project>